
Microsoft Visual Studio Solution File, Format Version 12.00
# Visual Studio Version 16
VisualStudioVersion = 16.0.29215.179
MinimumVisualStudioVersion = 10.0.40219.1
Project("{FAE04EC0-301F-11D3-BF4B-00C04F79EFBC}") = "AurelienRibon.Ui.SyntaxHighlightBox", "AurelienRibon.Ui.SyntaxHighlightBox\AurelienRibon.Ui.SyntaxHighlightBox.csproj", "{10A9ECD3-AE1E-494D-9A27-8A32DD581759}"
EndProject
Project("{FAE04EC0-301F-11D3-BF4B-00C04F79EFBC}") = "VNS", "VNS\VNS.csproj", "{674BB508-BC16-47F4-B658-7181291F28C2}"
EndProject
Global
	GlobalSection(SolutionConfigurationPlatforms) = preSolution
		Debug|Any CPU = Debug|Any CPU
		Release|Any CPU = Release|Any CPU
	EndGlobalSection
	GlobalSection(ProjectConfigurationPlatforms) = postSolution
		{10A9ECD3-AE1E-494D-9A27-8A32DD581759}.Debug|Any CPU.ActiveCfg = Debug|Any CPU
		{10A9ECD3-AE1E-494D-9A27-8A32DD581759}.Debug|Any CPU.Build.0 = Debug|Any CPU
		{10A9ECD3-AE1E-494D-9A27-8A32DD581759}.Release|Any CPU.ActiveCfg = Release|Any CPU
		{10A9ECD3-AE1E-494D-9A27-8A32DD581759}.Release|Any CPU.Build.0 = Release|Any CPU
		{674BB508-BC16-47F4-B658-7181291F28C2}.Debug|Any CPU.ActiveCfg = Debug|Any CPU
		{674BB508-BC16-47F4-B658-7181291F28C2}.Debug|Any CPU.Build.0 = Debug|Any CPU
		{674BB508-BC16-47F4-B658-7181291F28C2}.Release|Any CPU.ActiveCfg = Release|Any CPU
		{674BB508-BC16-47F4-B658-7181291F28C2}.Release|Any CPU.Build.0 = Release|Any CPU
	EndGlobalSection
	GlobalSection(SolutionProperties) = preSolution
		HideSolutionNode = FALSE
	EndGlobalSection
	GlobalSection(ExtensibilityGlobals) = postSolution
		SolutionGuid = {638A3603-4C96-41FB-8428-4152DF4315D7}
	EndGlobalSection
EndGlobal
